{
    "_readme": [
        "This file locks the dependencies of your project to a known state",
        "Read more about it at https://getcomposer.org/doc/01-basic-usage.md#composer-lock-the-lock-file",
        "This file is @generated automatically"
    ],
    "hash": "51bc6a15dea2ca144c22925f256a459c",
    "content-hash": "05fd94fb1f7870f97f8a164c5763f433",
    "packages": [
        {
            "name": "spress/spress-installer",
            "version": "v2.0.2",
            "source": {
                "type": "git",
                "url": "https://github.com/spress/Spress-installer.git",
                "reference": "971031b2399ea72dd7fef68b7d413ab0161225c2"
            },
            "dist": {
                "type": "zip",
                "url": "https://api.github.com/repos/spress/Spress-installer/zipball/971031b2399ea72dd7fef68b7d413ab0161225c2",
                "reference": "971031b2399ea72dd7fef68b7d413ab0161225c2",
                "shasum": ""
            },
            "require": {
                "composer-plugin-api": "^1.0"
            },
            "replace": {
                "yosymfony/spress-installer": "self.version"
            },
            "require-dev": {
                "composer/composer": "1.*",
                "mockery/mockery": "0.9.*"
            },
            "type": "composer-plugin",
            "extra": {
                "class": "Yosymfony\\Spress\\Composer\\SpressPlugin",
                "branch-alias": {
                    "dev-master": "2.0-dev"
                }
            },
            "autoload": {
                "psr-4": {
                    "Yosymfony\\Spress\\Composer\\": "src/"
                }
            },
            "notification-url": "https://packagist.org/downloads/",
            "license": [
                "MIT"
            ],
            "authors": [
                {
                    "name": "Victor Puertas",
                    "email": "vpgugr@gmail.com",
                    "homepage": "http://yosymfony.com"
                }
            ],
            "description": "Installer for Spress addons",
            "keywords": [
                "installer",
                "plugins",
                "spress",
                "themes"
            ],
            "time": "2016-01-02 13:24:07"
        },
        {
            "name": "symfony/filesystem",
            "version": "v2.7.15",
            "source": {
                "type": "git",
                "url": "https://github.com/symfony/filesystem.git",
                "reference": "eca040a1645e391a05f7d2f2e6c8d57ce9187443"
            },
            "dist": {
                "type": "zip",
                "url": "https://api.github.com/repos/symfony/filesystem/zipball/eca040a1645e391a05f7d2f2e6c8d57ce9187443",
                "reference": "eca040a1645e391a05f7d2f2e6c8d57ce9187443",
                "shasum": ""
            },
            "require": {
                "php": ">=5.3.9"
            },
            "type": "library",
            "extra": {
                "branch-alias": {
                    "dev-master": "2.7-dev"
                }
            },
            "autoload": {
                "psr-4": {
                    "Symfony\\Component\\Filesystem\\": ""
                },
                "exclude-from-classmap": [
                    "/Tests/"
                ]
            },
            "notification-url": "https://packagist.org/downloads/",
            "license": [
                "MIT"
            ],
            "authors": [
                {
                    "name": "Fabien Potencier",
                    "email": "fabien@symfony.com"
                },
                {
                    "name": "Symfony Community",
                    "homepage": "https://symfony.com/contributors"
                }
            ],
            "description": "Symfony Filesystem Component",
            "homepage": "https://symfony.com",
            "time": "2016-06-28 06:24:06"
        },
        {
            "name": "symfony/yaml",
            "version": "v2.7.15",
            "source": {
                "type": "git",
                "url": "https://github.com/symfony/yaml.git",
                "reference": "d529c0f64a688cc79b84a0aaaf0ac88a1b5aa266"
            },
            "dist": {
                "type": "zip",
                "url": "https://api.github.com/repos/symfony/yaml/zipball/d529c0f64a688cc79b84a0aaaf0ac88a1b5aa266",
                "reference": "d529c0f64a688cc79b84a0aaaf0ac88a1b5aa266",
                "shasum": ""
            },
            "require": {
                "php": ">=5.3.9"
            },
            "type": "library",
            "extra": {
                "branch-alias": {
                    "dev-master": "2.7-dev"
                }
            },
            "autoload": {
                "psr-4": {
                    "Symfony\\Component\\Yaml\\": ""
                },
                "exclude-from-classmap": [
                    "/Tests/"
                ]
            },
            "notification-url": "https://packagist.org/downloads/",
            "license": [
                "MIT"
            ],
            "authors": [
                {
                    "name": "Fabien Potencier",
                    "email": "fabien@symfony.com"
                },
                {
                    "name": "Symfony Community",
                    "homepage": "https://symfony.com/contributors"
                }
            ],
            "description": "Symfony Yaml Component",
            "homepage": "https://symfony.com",
            "time": "2016-06-28 06:24:06"
        }
    ],
    "packages-dev": [],
    "aliases": [],
    "minimum-stability": "stable",
    "stability-flags": [],
    "prefer-stable": false,
    "prefer-lowest": false,
    "platform": [],
    "platform-dev": []
}
